
Microsoft Visual Studio Solution File, Format Version 11.00
# Visual Studio 2010
Project("{FAE04EC0-301F-11D3-BF4B-00C04F79EFBC}") = "MvcTemplates", "MvcTemplates\MvcTemplates.csproj", "{98C0A705-AF0F-4408-8D7F-A0BECB810455}"
EndProject
Global
	GlobalSection(SolutionConfigurationPlatforms) = preSolution
		Debug|Any CPU = Debug|Any CPU
		Release|Any CPU = Release|Any CPU
	EndGlobalSection
	GlobalSection(ProjectConfigurationPlatforms) = postSolution
		{98C0A705-AF0F-4408-8D7F-A0BECB810455}.Debug|Any CPU.ActiveCfg = Debug|Any CPU
		{98C0A705-AF0F-4408-8D7F-A0BECB810455}.Debug|Any CPU.Build.0 = Debug|Any CPU
		{98C0A705-AF0F-4408-8D7F-A0BECB810455}.Release|Any CPU.ActiveCfg = Release|Any CPU
		{98C0A705-AF0F-4408-8D7F-A0BECB810455}.Release|Any CPU.Build.0 = Release|Any CPU
	EndGlobalSection
	GlobalSection(SolutionProperties) = preSolution
		HideSolutionNode = FALSE
	EndGlobalSection
EndGlobal
